
Microsoft Visual Studio Solution File, Format Version 12.00
# Visual Studio Version 17
VisualStudioVersion = 17.1.32210.238
MinimumVisualStudioVersion = 10.0.40219.1
Project("{FAE04EC0-301F-11D3-BF4B-00C04F79EFBC}") = "WPF_MVVM", "WPF_MVVM\WPF_MVVM.csproj", "{E2B10E40-5BDD-49A5-9094-A2056BA00407}"
EndProject
Global
	GlobalSection(SolutionConfigurationPlatforms) = preSolution
		Debug|Any CPU = Debug|Any CPU
		Release|Any CPU = Release|Any CPU
	EndGlobalSection
	GlobalSection(ProjectConfigurationPlatforms) = postSolution
		{E2B10E40-5BDD-49A5-9094-A2056BA00407}.Debug|Any CPU.ActiveCfg = Debug|Any CPU
		{E2B10E40-5BDD-49A5-9094-A2056BA00407}.Debug|Any CPU.Build.0 = Debug|Any CPU
		{E2B10E40-5BDD-49A5-9094-A2056BA00407}.Release|Any CPU.ActiveCfg = Release|Any CPU
		{E2B10E40-5BDD-49A5-9094-A2056BA00407}.Release|Any CPU.Build.0 = Release|Any CPU
	EndGlobalSection
	GlobalSection(SolutionProperties) = preSolution
		HideSolutionNode = FALSE
	EndGlobalSection
	GlobalSection(ExtensibilityGlobals) = postSolution
		SolutionGuid = {DB5A7165-B60B-4E31-8CA2-DCC2C32B306B}
	EndGlobalSection
EndGlobal
